// !$*UTF8*$!
{
	archiveVersion = 1;
	classes = {
	};
	objectVersion = 46;
	objects = {

/* Begin PBXBuildFile section */
		357C3E9A1DC7BE4A0018A07E /* Fabric.framework in Frameworks */ = {isa = PBXBuildFile; fileRef = 357C3E981DC7BE4A0018A07E /* Fabric.framework */; };
		357C3E9B1DC7BE4A0018A07E /* Crashlytics.framework in Frameworks */ = {isa = PBXBuildFile; fileRef = 357C3E991DC7BE4A0018A07E /* Crashlytics.framework */; };
		D203DE781DDFCB8F000DEAA0 /* ContextManager.swift in Sources */ = {isa = PBXBuildFile; fileRef = D203DE771DDFCB8F000DEAA0 /* ContextManager.swift */; };
		D2063D001E5F8352004C2908 /* PrinterLoginViewModel.swift in Sources */ = {isa = PBXBuildFile; fileRef = D2063CFF1E5F8352004C2908 /* PrinterLoginViewModel.swift */; };
		D2072FD41DEDCD6D00E1BBD3 /* Printer.swift in Sources */ = {isa = PBXBuildFile; fileRef = D2072FD31DEDCD6D00E1BBD3 /* Printer.swift */; };
		D21B9DE61DEA1B8A005C34CD /* Localizable.strings in Resources */ = {isa = PBXBuildFile; fileRef = D21B9DE81DEA1B8A005C34CD /* Localizable.strings */; };
		D21C10481E66D3A500D88546 /* AppCoordinator.swift in Sources */ = {isa = PBXBuildFile; fileRef = D21C10471E66D3A500D88546 /* AppCoordinator.swift */; };
		D21F3F8B1E6493CA00351761 /* PrinterListViewModel.swift in Sources */ = {isa = PBXBuildFile; fileRef = D21F3F8A1E6493CA00351761 /* PrinterListViewModel.swift */; };
		D21F3F8D1E649EC300351761 /* PrinterListCellViewModel.swift in Sources */ = {isa = PBXBuildFile; fileRef = D21F3F8C1E649EC300351761 /* PrinterListCellViewModel.swift */; };
		D22401611E6A39480082129A /* DetailCoordinator.swift in Sources */ = {isa = PBXBuildFile; fileRef = D22401601E6A39480082129A /* DetailCoordinator.swift */; };
		D22401631E6A3B3F0082129A /* FilesCoordinator.swift in Sources */ = {isa = PBXBuildFile; fileRef = D22401621E6A3B3F0082129A /* FilesCoordinator.swift */; };
		D22401651E6A3B670082129A /* SettingsCoordinator.swift in Sources */ = {isa = PBXBuildFile; fileRef = D22401641E6A3B670082129A /* SettingsCoordinator.swift */; };
		D23B90461E5B7F930005560B /* ReactiveCocoa.framework in Frameworks */ = {isa = PBXBuildFile; fileRef = D23B90431E5B7F930005560B /* ReactiveCocoa.framework */; };
		D23B90471E5B7F930005560B /* ReactiveSwift.framework in Frameworks */ = {isa = PBXBuildFile; fileRef = D23B90441E5B7F930005560B /* ReactiveSwift.framework */; };
		D23B90481E5B7F930005560B /* Result.framework in Frameworks */ = {isa = PBXBuildFile; fileRef = D23B90451E5B7F930005560B /* Result.framework */; };
		D2510B0C1DD4911A004C30EA /* Alamofire.framework in Frameworks */ = {isa = PBXBuildFile; fileRef = D2510B0A1DD4911A004C30EA /* Alamofire.framework */; };
		D2510B0D1DD4911A004C30EA /* Realm.framework in Frameworks */ = {isa = PBXBuildFile; fileRef = D2510B0B1DD4911A004C30EA /* Realm.framework */; };
		D2510B101DD491A4004C30EA /* RealmSwift.framework in Frameworks */ = {isa = PBXBuildFile; fileRef = D2510B0F1DD491A4004C30EA /* RealmSwift.framework */; };
		D27C970C1E63986900641A1A /* ReactiveMoya.framework in Frameworks */ = {isa = PBXBuildFile; fileRef = D27C970B1E63986900641A1A /* ReactiveMoya.framework */; };
		D27C970E1E63A00B00641A1A /* Moya.framework in Frameworks */ = {isa = PBXBuildFile; fileRef = D27C970D1E63A00B00641A1A /* Moya.framework */; };
		D27C97101E63BA1800641A1A /* DynamicProvider.swift in Sources */ = {isa = PBXBuildFile; fileRef = D27C970F1E63BA1800641A1A /* DynamicProvider.swift */; };
		D27C97121E63BAE000641A1A /* OctoPrintAPI.swift in Sources */ = {isa = PBXBuildFile; fileRef = D27C97111E63BAE000641A1A /* OctoPrintAPI.swift */; };
		D27C97161E63C25D00641A1A /* TokenPlugin.swift in Sources */ = {isa = PBXBuildFile; fileRef = D27C97151E63C25D00641A1A /* TokenPlugin.swift */; };
		D283C77E1E118788004E0EAC /* FilesCollectionViewCell.swift in Sources */ = {isa = PBXBuildFile; fileRef = D283C77D1E118788004E0EAC /* FilesCollectionViewCell.swift */; };
		D289197B1E117BAF00E3BBEB /* Localizable.Generated.swift in Sources */ = {isa = PBXBuildFile; fileRef = D28919791E11783500E3BBEB /* Localizable.Generated.swift */; };
		D28EC5351E09E6490089C027 /* DetailViewController.swift in Sources */ = {isa = PBXBuildFile; fileRef = D28EC5341E09E6490089C027 /* DetailViewController.swift */; };
		D28EC5371E09E65F0089C027 /* FilesViewController.swift in Sources */ = {isa = PBXBuildFile; fileRef = D28EC5361E09E65F0089C027 /* FilesViewController.swift */; };
		D28EC5391E09E6740089C027 /* SettingsViewController.swift in Sources */ = {isa = PBXBuildFile; fileRef = D28EC5381E09E6740089C027 /* SettingsViewController.swift */; };
		D2A601301DF3870F006B833E /* PrinterListCollectionViewCell.swift in Sources */ = {isa = PBXBuildFile; fileRef = D2A6012F1DF3870F006B833E /* PrinterListCollectionViewCell.swift */; };
		D2B6F0051DE2151F00F9CE0A /* PrinterLoginViewController.swift in Sources */ = {isa = PBXBuildFile; fileRef = D2B6F0041DE2151F00F9CE0A /* PrinterLoginViewController.swift */; };
		D2CCF7441DBF46DB00EF9752 /* AppDelegate.swift in Sources */ = {isa = PBXBuildFile; fileRef = D2CCF7431DBF46DB00EF9752 /* AppDelegate.swift */; };
		D2CCF74B1DBF46DB00EF9752 /* Assets.xcassets in Resources */ = {isa = PBXBuildFile; fileRef = D2CCF74A1DBF46DB00EF9752 /* Assets.xcassets */; };
		D2CCF74E1DBF46DB00EF9752 /* LaunchScreen.storyboard in Resources */ = {isa = PBXBuildFile; fileRef = D2CCF74C1DBF46DB00EF9752 /* LaunchScreen.storyboard */; };
		D2CCF7591DBF46DC00EF9752 /* OctoPhoneTests.swift in Sources */ = {isa = PBXBuildFile; fileRef = D2CCF7581DBF46DC00EF9752 /* OctoPhoneTests.swift */; };
		D2CCF7641DBF46DC00EF9752 /* OctoPhoneUITests.swift in Sources */ = {isa = PBXBuildFile; fileRef = D2CCF7631DBF46DC00EF9752 /* OctoPhoneUITests.swift */; };
		D2D331401E67177100C9C005 /* PrinterLoginCoordinator.swift in Sources */ = {isa = PBXBuildFile; fileRef = D2D3313F1E67177100C9C005 /* PrinterLoginCoordinator.swift */; };
		D2DD507F1E6A34DB0090D21A /* OverviewCoordinator.swift in Sources */ = {isa = PBXBuildFile; fileRef = D2DD507E1E6A34DB0090D21A /* OverviewCoordinator.swift */; };
		D2EF39291E66F06800A17057 /* PrinterListCoordinator.swift in Sources */ = {isa = PBXBuildFile; fileRef = D2EF39281E66F06800A17057 /* PrinterListCoordinator.swift */; };
		D2EF392B1E66F08700A17057 /* Coordinator.swift in Sources */ = {isa = PBXBuildFile; fileRef = D2EF392A1E66F08700A17057 /* Coordinator.swift */; };
		D2FE62501DF4BE8000A1E402 /* BrowseBonjourOperation.swift in Sources */ = {isa = PBXBuildFile; fileRef = D2FE624F1DF4BE8000A1E402 /* BrowseBonjourOperation.swift */; };
		D2FE62521DF4BEA300A1E402 /* BaseOperation.swift in Sources */ = {isa = PBXBuildFile; fileRef = D2FE62511DF4BEA300A1E402 /* BaseOperation.swift */; };
		D2FF97241DF0DFC3005CA7B2 /* PrinterListViewController.swift in Sources */ = {isa = PBXBuildFile; fileRef = D2FF97231DF0DFC3005CA7B2 /* PrinterListViewController.swift */; };
/* End PBXBuildFile section */

/* Begin PBXContainerItemProxy section */
		D2CCF7551DBF46DC00EF9752 /* PBXContainerItemProxy */ = {
			isa = PBXContainerItemProxy;
			containerPortal = D2CCF7381DBF46DB00EF9752 /* Project object */;
			proxyType = 1;
			remoteGlobalIDString = D2CCF73F1DBF46DB00EF9752;
			remoteInfo = OctoPhone;
		};
		D2CCF7601DBF46DC00EF9752 /* PBXContainerItemProxy */ = {
			isa = PBXContainerItemProxy;
			containerPortal = D2CCF7381DBF46DB00EF9752 /* Project object */;
			proxyType = 1;
			remoteGlobalIDString = D2CCF73F1DBF46DB00EF9752;
			remoteInfo = OctoPhone;
		};
/* End PBXContainerItemProxy section */

/* Begin PBXFileReference section */
		357C3E981DC7BE4A0018A07E /* Fabric.framework */ = {isa = PBXFileReference; lastKnownFileType = wrapper.framework; path = Fabric.framework; sourceTree = "<group>"; };
		357C3E991DC7BE4A0018A07E /* Crashlytics.framework */ = {isa = PBXFileReference; lastKnownFileType = wrapper.framework; path = Crashlytics.framework; sourceTree = "<group>"; };
		D203DE771DDFCB8F000DEAA0 /* ContextManager.swift */ = {isa = PBXFileReference; fileEncoding = 4; lastKnownFileType = sourcecode.swift; path = ContextManager.swift; sourceTree = "<group>"; };
		D2063CFF1E5F8352004C2908 /* PrinterLoginViewModel.swift */ = {isa = PBXFileReference; fileEncoding = 4; lastKnownFileType = sourcecode.swift; path = PrinterLoginViewModel.swift; sourceTree = "<group>"; };
		D2072FD31DEDCD6D00E1BBD3 /* Printer.swift */ = {isa = PBXFileReference; fileEncoding = 4; lastKnownFileType = sourcecode.swift; path = Printer.swift; sourceTree = "<group>"; };
		D21B9DE71DEA1B8A005C34CD /* en */ = {isa = PBXFileReference; lastKnownFileType = text.plist.strings; name = en; path = en.lproj/Localizable.strings; sourceTree = "<group>"; };
		D21C10471E66D3A500D88546 /* AppCoordinator.swift */ = {isa = PBXFileReference; fileEncoding = 4; lastKnownFileType = sourcecode.swift; path = AppCoordinator.swift; sourceTree = "<group>"; };
		D21F3F8A1E6493CA00351761 /* PrinterListViewModel.swift */ = {isa = PBXFileReference; fileEncoding = 4; lastKnownFileType = sourcecode.swift; path = PrinterListViewModel.swift; sourceTree = "<group>"; };
		D21F3F8C1E649EC300351761 /* PrinterListCellViewModel.swift */ = {isa = PBXFileReference; fileEncoding = 4; lastKnownFileType = sourcecode.swift; path = PrinterListCellViewModel.swift; sourceTree = "<group>"; };
		D22401601E6A39480082129A /* DetailCoordinator.swift */ = {isa = PBXFileReference; fileEncoding = 4; lastKnownFileType = sourcecode.swift; path = DetailCoordinator.swift; sourceTree = "<group>"; };
		D22401621E6A3B3F0082129A /* FilesCoordinator.swift */ = {isa = PBXFileReference; fileEncoding = 4; lastKnownFileType = sourcecode.swift; path = FilesCoordinator.swift; sourceTree = "<group>"; };
		D22401641E6A3B670082129A /* SettingsCoordinator.swift */ = {isa = PBXFileReference; fileEncoding = 4; lastKnownFileType = sourcecode.swift; path = SettingsCoordinator.swift; sourceTree = "<group>"; };
		D23B90431E5B7F930005560B /* ReactiveCocoa.framework */ = {isa = PBXFileReference; lastKnownFileType = wrapper.framework; name = ReactiveCocoa.framework; path = Carthage/Build/iOS/ReactiveCocoa.framework; sourceTree = "<group>"; };
		D23B90441E5B7F930005560B /* ReactiveSwift.framework */ = {isa = PBXFileReference; lastKnownFileType = wrapper.framework; name = ReactiveSwift.framework; path = Carthage/Build/iOS/ReactiveSwift.framework; sourceTree = "<group>"; };
		D23B90451E5B7F930005560B /* Result.framework */ = {isa = PBXFileReference; lastKnownFileType = wrapper.framework; name = Result.framework; path = Carthage/Build/iOS/Result.framework; sourceTree = "<group>"; };
		D2510B0A1DD4911A004C30EA /* Alamofire.framework */ = {isa = PBXFileReference; lastKnownFileType = wrapper.framework; name = Alamofire.framework; path = Carthage/Build/iOS/Alamofire.framework; sourceTree = "<group>"; };
		D2510B0B1DD4911A004C30EA /* Realm.framework */ = {isa = PBXFileReference; lastKnownFileType = wrapper.framework; name = Realm.framework; path = Carthage/Build/iOS/Realm.framework; sourceTree = "<group>"; };
		D2510B0F1DD491A4004C30EA /* RealmSwift.framework */ = {isa = PBXFileReference; lastKnownFileType = wrapper.framework; name = RealmSwift.framework; path = Carthage/Build/iOS/RealmSwift.framework; sourceTree = "<group>"; };
		D27C970B1E63986900641A1A /* ReactiveMoya.framework */ = {isa = PBXFileReference; lastKnownFileType = wrapper.framework; name = ReactiveMoya.framework; path = Carthage/Build/iOS/ReactiveMoya.framework; sourceTree = "<group>"; };
		D27C970D1E63A00B00641A1A /* Moya.framework */ = {isa = PBXFileReference; lastKnownFileType = wrapper.framework; name = Moya.framework; path = Carthage/Build/iOS/Moya.framework; sourceTree = "<group>"; };
		D27C970F1E63BA1800641A1A /* DynamicProvider.swift */ = {isa = PBXFileReference; fileEncoding = 4; lastKnownFileType = sourcecode.swift; path = DynamicProvider.swift; sourceTree = "<group>"; };
		D27C97111E63BAE000641A1A /* OctoPrintAPI.swift */ = {isa = PBXFileReference; fileEncoding = 4; lastKnownFileType = sourcecode.swift; path = OctoPrintAPI.swift; sourceTree = "<group>"; };
		D27C97151E63C25D00641A1A /* TokenPlugin.swift */ = {isa = PBXFileReference; fileEncoding = 4; lastKnownFileType = sourcecode.swift; path = TokenPlugin.swift; sourceTree = "<group>"; };
		D283C77D1E118788004E0EAC /* FilesCollectionViewCell.swift */ = {isa = PBXFileReference; fileEncoding = 4; lastKnownFileType = sourcecode.swift; path = FilesCollectionViewCell.swift; sourceTree = "<group>"; };
		D28919791E11783500E3BBEB /* Localizable.Generated.swift */ = {isa = PBXFileReference; fileEncoding = 4; lastKnownFileType = sourcecode.swift; path = Localizable.Generated.swift; sourceTree = "<group>"; };
		D28EC5341E09E6490089C027 /* DetailViewController.swift */ = {isa = PBXFileReference; fileEncoding = 4; lastKnownFileType = sourcecode.swift; path = DetailViewController.swift; sourceTree = "<group>"; };
		D28EC5361E09E65F0089C027 /* FilesViewController.swift */ = {isa = PBXFileReference; fileEncoding = 4; lastKnownFileType = sourcecode.swift; path = FilesViewController.swift; sourceTree = "<group>"; };
		D28EC5381E09E6740089C027 /* SettingsViewController.swift */ = {isa = PBXFileReference; fileEncoding = 4; lastKnownFileType = sourcecode.swift; path = SettingsViewController.swift; sourceTree = "<group>"; };
		D2A6012F1DF3870F006B833E /* PrinterListCollectionViewCell.swift */ = {isa = PBXFileReference; fileEncoding = 4; lastKnownFileType = sourcecode.swift; name = PrinterListCollectionViewCell.swift; path = "../Printer List/PrinterListCollectionViewCell.swift"; sourceTree = "<group>"; };
		D2A713811DE7069F00BDC0C4 /* README.md */ = {isa = PBXFileReference; fileEncoding = 4; lastKnownFileType = net.daringfireball.markdown; path = README.md; sourceTree = "<group>"; };
		D2B6F0041DE2151F00F9CE0A /* PrinterLoginViewController.swift */ = {isa = PBXFileReference; fileEncoding = 4; lastKnownFileType = sourcecode.swift; path = PrinterLoginViewController.swift; sourceTree = "<group>"; };
		D2CCF7401DBF46DB00EF9752 /* OctoPhone.app */ = {isa = PBXFileReference; explicitFileType = wrapper.application; includeInIndex = 0; path = OctoPhone.app; sourceTree = BUILT_PRODUCTS_DIR; };
		D2CCF7431DBF46DB00EF9752 /* AppDelegate.swift */ = {isa = PBXFileReference; lastKnownFileType = sourcecode.swift; path = AppDelegate.swift; sourceTree = "<group>"; };
		D2CCF74A1DBF46DB00EF9752 /* Assets.xcassets */ = {isa = PBXFileReference; lastKnownFileType = folder.assetcatalog; path = Assets.xcassets; sourceTree = "<group>"; };
		D2CCF74D1DBF46DB00EF9752 /* Base */ = {isa = PBXFileReference; lastKnownFileType = file.storyboard; name = Base; path = Base.lproj/LaunchScreen.storyboard; sourceTree = "<group>"; };
		D2CCF74F1DBF46DB00EF9752 /* Info.plist */ = {isa = PBXFileReference; lastKnownFileType = text.plist.xml; path = Info.plist; sourceTree = "<group>"; };
		D2CCF7541DBF46DC00EF9752 /* OctoPhoneTests.xctest */ = {isa = PBXFileReference; explicitFileType = wrapper.cfbundle; includeInIndex = 0; path = OctoPhoneTests.xctest; sourceTree = BUILT_PRODUCTS_DIR; };
		D2CCF7581DBF46DC00EF9752 /* OctoPhoneTests.swift */ = {isa = PBXFileReference; lastKnownFileType = sourcecode.swift; path = OctoPhoneTests.swift; sourceTree = "<group>"; };
		D2CCF75A1DBF46DC00EF9752 /* Info.plist */ = {isa = PBXFileReference; lastKnownFileType = text.plist.xml; path = Info.plist; sourceTree = "<group>"; };
		D2CCF75F1DBF46DC00EF9752 /* OctoPhoneUITests.xctest */ = {isa = PBXFileReference; explicitFileType = wrapper.cfbundle; includeInIndex = 0; path = OctoPhoneUITests.xctest; sourceTree = BUILT_PRODUCTS_DIR; };
		D2CCF7631DBF46DC00EF9752 /* OctoPhoneUITests.swift */ = {isa = PBXFileReference; lastKnownFileType = sourcecode.swift; path = OctoPhoneUITests.swift; sourceTree = "<group>"; };
		D2CCF7651DBF46DC00EF9752 /* Info.plist */ = {isa = PBXFileReference; lastKnownFileType = text.plist.xml; path = Info.plist; sourceTree = "<group>"; };
		D2D3313F1E67177100C9C005 /* PrinterLoginCoordinator.swift */ = {isa = PBXFileReference; fileEncoding = 4; lastKnownFileType = sourcecode.swift; path = PrinterLoginCoordinator.swift; sourceTree = "<group>"; };
		D2DD507E1E6A34DB0090D21A /* OverviewCoordinator.swift */ = {isa = PBXFileReference; fileEncoding = 4; lastKnownFileType = sourcecode.swift; path = OverviewCoordinator.swift; sourceTree = "<group>"; };
		D2EF39281E66F06800A17057 /* PrinterListCoordinator.swift */ = {isa = PBXFileReference; fileEncoding = 4; lastKnownFileType = sourcecode.swift; path = PrinterListCoordinator.swift; sourceTree = "<group>"; };
		D2EF392A1E66F08700A17057 /* Coordinator.swift */ = {isa = PBXFileReference; fileEncoding = 4; lastKnownFileType = sourcecode.swift; path = Coordinator.swift; sourceTree = "<group>"; };
		D2FE624F1DF4BE8000A1E402 /* BrowseBonjourOperation.swift */ = {isa = PBXFileReference; fileEncoding = 4; lastKnownFileType = sourcecode.swift; path = BrowseBonjourOperation.swift; sourceTree = "<group>"; };
		D2FE62511DF4BEA300A1E402 /* BaseOperation.swift */ = {isa = PBXFileReference; fileEncoding = 4; lastKnownFileType = sourcecode.swift; path = BaseOperation.swift; sourceTree = "<group>"; };
		D2FF97231DF0DFC3005CA7B2 /* PrinterListViewController.swift */ = {isa = PBXFileReference; fileEncoding = 4; lastKnownFileType = sourcecode.swift; path = PrinterListViewController.swift; sourceTree = "<group>"; };
/* End PBXFileReference section */

/* Begin PBXFrameworksBuildPhase section */
		D2CCF73D1DBF46DB00EF9752 /* Frameworks */ = {
			isa = PBXFrameworksBuildPhase;
			buildActionMask = 2147483647;
			files = (
				357C3E9B1DC7BE4A0018A07E /* Crashlytics.framework in Frameworks */,
				357C3E9A1DC7BE4A0018A07E /* Fabric.framework in Frameworks */,
				D2510B0C1DD4911A004C30EA /* Alamofire.framework in Frameworks */,
				D2510B0D1DD4911A004C30EA /* Realm.framework in Frameworks */,
				D2510B101DD491A4004C30EA /* RealmSwift.framework in Frameworks */,
				D23B90461E5B7F930005560B /* ReactiveCocoa.framework in Frameworks */,
				D23B90471E5B7F930005560B /* ReactiveSwift.framework in Frameworks */,
				D23B90481E5B7F930005560B /* Result.framework in Frameworks */,
				D27C970C1E63986900641A1A /* ReactiveMoya.framework in Frameworks */,
				D27C970E1E63A00B00641A1A /* Moya.framework in Frameworks */,
			);
			runOnlyForDeploymentPostprocessing = 0;
		};
		D2CCF7511DBF46DC00EF9752 /* Frameworks */ = {
			isa = PBXFrameworksBuildPhase;
			buildActionMask = 2147483647;
			files = (
			);
			runOnlyForDeploymentPostprocessing = 0;
		};
		D2CCF75C1DBF46DC00EF9752 /* Frameworks */ = {
			isa = PBXFrameworksBuildPhase;
			buildActionMask = 2147483647;
			files = (
			);
			runOnlyForDeploymentPostprocessing = 0;
		};
/* End PBXFrameworksBuildPhase section */

/* Begin PBXGroup section */
		D203DE711DDFC9DA000DEAA0 /* Supporting Files */ = {
			isa = PBXGroup;
			children = (
				D2CCF74F1DBF46DB00EF9752 /* Info.plist */,
				D2CCF74C1DBF46DB00EF9752 /* LaunchScreen.storyboard */,
				D2CCF74A1DBF46DB00EF9752 /* Assets.xcassets */,
				D2CCF7431DBF46DB00EF9752 /* AppDelegate.swift */,
			);
			name = "Supporting Files";
			sourceTree = "<group>";
		};
		D203DE721DDFCA04000DEAA0 /* View Related */ = {
			isa = PBXGroup;
			children = (
				D247C3A41E12713100BF0BA6 /* Views */,
				D2A6012C1DF386D0006B833E /* Cells */,
				D2B6F0031DE214B500F9CE0A /* Printer Login */,
				D2FF97221DF0DF01005CA7B2 /* Printer List */,
				D28EC5311E09E5AD0089C027 /* Detail */,
				D28EC5321E09E5C20089C027 /* Files */,
				D28EC5331E09E5ED0089C027 /* Settings */,
			);
			path = "View Related";
			sourceTree = "<group>";
		};
		D203DE751DDFCB59000DEAA0 /* Utils */ = {
			isa = PBXGroup;
			children = (
				D2FE624E1DF4BE3500A1E402 /* Operations */,
				D203DE761DDFCB62000DEAA0 /* Data */,
			);
			path = Utils;
			sourceTree = "<group>";
		};
		D203DE761DDFCB62000DEAA0 /* Data */ = {
			isa = PBXGroup;
			children = (
				D203DE771DDFCB8F000DEAA0 /* ContextManager.swift */,
			);
			path = Data;
			sourceTree = "<group>";
		};
		D2072FD21DEDCD4B00E1BBD3 /* Model */ = {
			isa = PBXGroup;
			children = (
				D2072FD31DEDCD6D00E1BBD3 /* Printer.swift */,
			);
			path = Model;
			sourceTree = "<group>";
		};
		D21C10441E66D17200D88546 /* Coordinators */ = {
			isa = PBXGroup;
			children = (
				D2EF392A1E66F08700A17057 /* Coordinator.swift */,
				D21C10471E66D3A500D88546 /* AppCoordinator.swift */,
				D2EF39281E66F06800A17057 /* PrinterListCoordinator.swift */,
				D2D3313F1E67177100C9C005 /* PrinterLoginCoordinator.swift */,
				D2DD507E1E6A34DB0090D21A /* OverviewCoordinator.swift */,
				D22401601E6A39480082129A /* DetailCoordinator.swift */,
				D22401621E6A3B3F0082129A /* FilesCoordinator.swift */,
				D22401641E6A3B670082129A /* SettingsCoordinator.swift */,
			);
			path = Coordinators;
			sourceTree = "<group>";
		};
		D247C3A41E12713100BF0BA6 /* Views */ = {
			isa = PBXGroup;
			children = (
			);
			path = Views;
			sourceTree = "<group>";
		};
		D2510B061DD4894E004C30EA /* Networking */ = {
			isa = PBXGroup;
			children = (
				D27C970F1E63BA1800641A1A /* DynamicProvider.swift */,
				D27C97111E63BAE000641A1A /* OctoPrintAPI.swift */,
				D27C97151E63C25D00641A1A /* TokenPlugin.swift */,
			);
			path = Networking;
			sourceTree = "<group>";
		};
		D2510B091DD4911A004C30EA /* Frameworks */ = {
			isa = PBXGroup;
			children = (
				D27C970D1E63A00B00641A1A /* Moya.framework */,
				D27C970B1E63986900641A1A /* ReactiveMoya.framework */,
				D23B90431E5B7F930005560B /* ReactiveCocoa.framework */,
				D23B90441E5B7F930005560B /* ReactiveSwift.framework */,
				D23B90451E5B7F930005560B /* Result.framework */,
				D2510B0F1DD491A4004C30EA /* RealmSwift.framework */,
				D2510B0A1DD4911A004C30EA /* Alamofire.framework */,
				D2510B0B1DD4911A004C30EA /* Realm.framework */,
			);
			name = Frameworks;
			sourceTree = "<group>";
		};
		D28919781E1177FC00E3BBEB /* Generated */ = {
			isa = PBXGroup;
			children = (
				D28919791E11783500E3BBEB /* Localizable.Generated.swift */,
			);
			path = Generated;
			sourceTree = "<group>";
		};
		D28EC5311E09E5AD0089C027 /* Detail */ = {
			isa = PBXGroup;
			children = (
				D28EC5341E09E6490089C027 /* DetailViewController.swift */,
			);
			path = Detail;
			sourceTree = "<group>";
		};
		D28EC5321E09E5C20089C027 /* Files */ = {
			isa = PBXGroup;
			children = (
				D28EC5361E09E65F0089C027 /* FilesViewController.swift */,
			);
			path = Files;
			sourceTree = "<group>";
		};
		D28EC5331E09E5ED0089C027 /* Settings */ = {
			isa = PBXGroup;
			children = (
				D28EC5381E09E6740089C027 /* SettingsViewController.swift */,
			);
			path = Settings;
			sourceTree = "<group>";
		};
		D2A6012C1DF386D0006B833E /* Cells */ = {
			isa = PBXGroup;
			children = (
				D283C77D1E118788004E0EAC /* FilesCollectionViewCell.swift */,
			);
			path = Cells;
			sourceTree = "<group>";
		};
		D2B6F0031DE214B500F9CE0A /* Printer Login */ = {
			isa = PBXGroup;
			children = (
				D2A6012F1DF3870F006B833E /* PrinterListCollectionViewCell.swift */,
				D2B6F0041DE2151F00F9CE0A /* PrinterLoginViewController.swift */,
				D2063CFF1E5F8352004C2908 /* PrinterLoginViewModel.swift */,
			);
			path = "Printer Login";
			sourceTree = "<group>";
		};
		D2CCF7371DBF46DB00EF9752 = {
			isa = PBXGroup;
			children = (
				357C3E981DC7BE4A0018A07E /* Fabric.framework */,
				357C3E991DC7BE4A0018A07E /* Crashlytics.framework */,
				D2A713811DE7069F00BDC0C4 /* README.md */,
				D21B9DE81DEA1B8A005C34CD /* Localizable.strings */,
				D2CCF7421DBF46DB00EF9752 /* OctoPhone */,
				D2CCF7571DBF46DC00EF9752 /* OctoPhoneTests */,
				D2CCF7621DBF46DC00EF9752 /* OctoPhoneUITests */,
				D2CCF7411DBF46DB00EF9752 /* Products */,
				D2510B091DD4911A004C30EA /* Frameworks */,
			);
			sourceTree = "<group>";
		};
		D2CCF7411DBF46DB00EF9752 /* Products */ = {
			isa = PBXGroup;
			children = (
				D2CCF7401DBF46DB00EF9752 /* OctoPhone.app */,
				D2CCF7541DBF46DC00EF9752 /* OctoPhoneTests.xctest */,
				D2CCF75F1DBF46DC00EF9752 /* OctoPhoneUITests.xctest */,
			);
			name = Products;
			sourceTree = "<group>";
		};
		D2CCF7421DBF46DB00EF9752 /* OctoPhone */ = {
			isa = PBXGroup;
			children = (
				D28919781E1177FC00E3BBEB /* Generated */,
				D203DE751DDFCB59000DEAA0 /* Utils */,
				D2072FD21DEDCD4B00E1BBD3 /* Model */,
				D21C10441E66D17200D88546 /* Coordinators */,
				D2510B061DD4894E004C30EA /* Networking */,
				D203DE721DDFCA04000DEAA0 /* View Related */,
				D203DE711DDFC9DA000DEAA0 /* Supporting Files */,
			);
			path = OctoPhone;
			sourceTree = "<group>";
		};
		D2CCF7571DBF46DC00EF9752 /* OctoPhoneTests */ = {
			isa = PBXGroup;
			children = (
				D2CCF7581DBF46DC00EF9752 /* OctoPhoneTests.swift */,
				D2CCF75A1DBF46DC00EF9752 /* Info.plist */,
			);
			path = OctoPhoneTests;
			sourceTree = "<group>";
		};
		D2CCF7621DBF46DC00EF9752 /* OctoPhoneUITests */ = {
			isa = PBXGroup;
			children = (
				D2CCF7631DBF46DC00EF9752 /* OctoPhoneUITests.swift */,
				D2CCF7651DBF46DC00EF9752 /* Info.plist */,
			);
			path = OctoPhoneUITests;
			sourceTree = "<group>";
		};
		D2FE624E1DF4BE3500A1E402 /* Operations */ = {
			isa = PBXGroup;
			children = (
				D2FE624F1DF4BE8000A1E402 /* BrowseBonjourOperation.swift */,
				D2FE62511DF4BEA300A1E402 /* BaseOperation.swift */,
			);
			path = Operations;
			sourceTree = "<group>";
		};
		D2FF97221DF0DF01005CA7B2 /* Printer List */ = {
			isa = PBXGroup;
			children = (
				D2FF97231DF0DFC3005CA7B2 /* PrinterListViewController.swift */,
				D21F3F8A1E6493CA00351761 /* PrinterListViewModel.swift */,
				D21F3F8C1E649EC300351761 /* PrinterListCellViewModel.swift */,
			);
			path = "Printer List";
			sourceTree = "<group>";
		};
/* End PBXGroup section */

/* Begin PBXNativeTarget section */
		D2CCF73F1DBF46DB00EF9752 /* OctoPhone */ = {
			isa = PBXNativeTarget;
			buildConfigurationList = D2CCF7681DBF46DC00EF9752 /* Build configuration list for PBXNativeTarget "OctoPhone" */;
			buildPhases = (
				D2CCF73C1DBF46DB00EF9752 /* Sources */,
				D2CCF73D1DBF46DB00EF9752 /* Frameworks */,
				D2CCF73E1DBF46DB00EF9752 /* Resources */,
				D2510B0E1DD4913D004C30EA /* Carthage */,
				357C3E971DC7BDC40018A07E /* Fabric */,
				D2A601311DF39777006B833E /* Swiftlint */,
				D28919771E11745F00E3BBEB /* Swiftgen */,
			);
			buildRules = (
			);
			dependencies = (
			);
			name = OctoPhone;
			productName = OctoPhone;
			productReference = D2CCF7401DBF46DB00EF9752 /* OctoPhone.app */;
			productType = "com.apple.product-type.application";
		};
		D2CCF7531DBF46DC00EF9752 /* OctoPhoneTests */ = {
			isa = PBXNativeTarget;
			buildConfigurationList = D2CCF76B1DBF46DC00EF9752 /* Build configuration list for PBXNativeTarget "OctoPhoneTests" */;
			buildPhases = (
				D2CCF7501DBF46DC00EF9752 /* Sources */,
				D2CCF7511DBF46DC00EF9752 /* Frameworks */,
				D2CCF7521DBF46DC00EF9752 /* Resources */,
			);
			buildRules = (
			);
			dependencies = (
				D2CCF7561DBF46DC00EF9752 /* PBXTargetDependency */,
			);
			name = OctoPhoneTests;
			productName = OctoPhoneTests;
			productReference = D2CCF7541DBF46DC00EF9752 /* OctoPhoneTests.xctest */;
			productType = "com.apple.product-type.bundle.unit-test";
		};
		D2CCF75E1DBF46DC00EF9752 /* OctoPhoneUITests */ = {
			isa = PBXNativeTarget;
			buildConfigurationList = D2CCF76E1DBF46DC00EF9752 /* Build configuration list for PBXNativeTarget "OctoPhoneUITests" */;
			buildPhases = (
				D2CCF75B1DBF46DC00EF9752 /* Sources */,
				D2CCF75C1DBF46DC00EF9752 /* Frameworks */,
				D2CCF75D1DBF46DC00EF9752 /* Resources */,
			);
			buildRules = (
			);
			dependencies = (
				D2CCF7611DBF46DC00EF9752 /* PBXTargetDependency */,
			);
			name = OctoPhoneUITests;
			productName = OctoPhoneUITests;
			productReference = D2CCF75F1DBF46DC00EF9752 /* OctoPhoneUITests.xctest */;
			productType = "com.apple.product-type.bundle.ui-testing";
		};
/* End PBXNativeTarget section */

/* Begin PBXProject section */
		D2CCF7381DBF46DB00EF9752 /* Project object */ = {
			isa = PBXProject;
			attributes = {
				LastSwiftUpdateCheck = 0800;
				LastUpgradeCheck = 0810;
				ORGANIZATIONNAME = "Josef Dolezal";
				TargetAttributes = {
					D2CCF73F1DBF46DB00EF9752 = {
						CreatedOnToolsVersion = 8.0;
						DevelopmentTeam = CDMJRT8WJB;
						ProvisioningStyle = Manual;
					};
					D2CCF7531DBF46DC00EF9752 = {
						CreatedOnToolsVersion = 8.0;
						DevelopmentTeam = 69T295ARCG;
						ProvisioningStyle = Automatic;
						TestTargetID = D2CCF73F1DBF46DB00EF9752;
					};
					D2CCF75E1DBF46DC00EF9752 = {
						CreatedOnToolsVersion = 8.0;
						DevelopmentTeam = 69T295ARCG;
						ProvisioningStyle = Automatic;
						TestTargetID = D2CCF73F1DBF46DB00EF9752;
					};
				};
			};
			buildConfigurationList = D2CCF73B1DBF46DB00EF9752 /* Build configuration list for PBXProject "OctoPhone" */;
			compatibilityVersion = "Xcode 3.2";
			developmentRegion = English;
			hasScannedForEncodings = 0;
			knownRegions = (
				en,
				Base,
			);
			mainGroup = D2CCF7371DBF46DB00EF9752;
			productRefGroup = D2CCF7411DBF46DB00EF9752 /* Products */;
			projectDirPath = "";
			projectRoot = "";
			targets = (
				D2CCF73F1DBF46DB00EF9752 /* OctoPhone */,
				D2CCF7531DBF46DC00EF9752 /* OctoPhoneTests */,
				D2CCF75E1DBF46DC00EF9752 /* OctoPhoneUITests */,
			);
		};
/* End PBXProject section */

/* Begin PBXResourcesBuildPhase section */
		D2CCF73E1DBF46DB00EF9752 /* Resources */ = {
			isa = PBXResourcesBuildPhase;
			buildActionMask = 2147483647;
			files = (
				D2CCF74E1DBF46DB00EF9752 /* LaunchScreen.storyboard in Resources */,
				D21B9DE61DEA1B8A005C34CD /* Localizable.strings in Resources */,
				D2CCF74B1DBF46DB00EF9752 /* Assets.xcassets in Resources */,
			);
			runOnlyForDeploymentPostprocessing = 0;
		};
		D2CCF7521DBF46DC00EF9752 /* Resources */ = {
			isa = PBXResourcesBuildPhase;
			buildActionMask = 2147483647;
			files = (
			);
			runOnlyForDeploymentPostprocessing = 0;
		};
		D2CCF75D1DBF46DC00EF9752 /* Resources */ = {
			isa = PBXResourcesBuildPhase;
			buildActionMask = 2147483647;
			files = (
			);
			runOnlyForDeploymentPostprocessing = 0;
		};
/* End PBXResourcesBuildPhase section */

/* Begin PBXShellScriptBuildPhase section */
		357C3E971DC7BDC40018A07E /* Fabric */ = {
			isa = PBXShellScriptBuildPhase;
			buildActionMask = 2147483647;
			files = (
			);
			inputPaths = (
			);
			name = Fabric;
			outputPaths = (
			);
			runOnlyForDeploymentPostprocessing = 0;
			shellPath = /bin/sh;
			shellScript = "./Fabric.framework/run dd91786f75cb40ae4bf775ac82d3af8c38f3ef97 79f265a5fd56838a962c4745efc95d52bd061979b51fbe9b5d1c514c19ee73ea";
		};
		D2510B0E1DD4913D004C30EA /* Carthage */ = {
			isa = PBXShellScriptBuildPhase;
			buildActionMask = 2147483647;
			files = (
			);
			inputPaths = (
				"$(SRCROOT)/Carthage/Build/iOS/Alamofire.framework",
				"$(SRCROOT)/Carthage/Build/iOS/Realm.framework",
				"$(SRCROOT)/Carthage/Build/iOS/RealmSwift.framework",
				"$(SRCROOT)/Carthage/Build/iOS/ReactiveSwift.framework",
				"$(SRCROOT)/Carthage/Build/iOS/ReactiveCocoa.framework",
				"$(SRCROOT)/Carthage/Build/iOS/Result.framework",
				"$(SRCROOT)/Carthage/Build/iOS/Moya.framework",
				"$(SRCROOT)/Carthage/Build/iOS/ReactiveMoya.framework",
			);
			name = Carthage;
			outputPaths = (
			);
			runOnlyForDeploymentPostprocessing = 0;
			shellPath = /bin/bash;
			shellScript = "carthage copy-frameworks";
		};
		D28919771E11745F00E3BBEB /* Swiftgen */ = {
			isa = PBXShellScriptBuildPhase;
			buildActionMask = 2147483647;
			files = (
			);
			inputPaths = (
			);
			name = Swiftgen;
			outputPaths = (
			);
			runOnlyForDeploymentPostprocessing = 0;
			shellPath = /bin/sh;
			shellScript = "if which swiftgen >/dev/null; then\n    swiftgen strings -t swift3 \"$PROJECT_DIR/en.lproj/Localizable.strings\" -o \"OctoPhone/Generated/Localizable.Generated.swift\"\nelse\n    echo \"warning: SwiftLint not installed, download from https://github.com/realm/SwiftLint\"\nfi";
		};
		D2A601311DF39777006B833E /* Swiftlint */ = {
			isa = PBXShellScriptBuildPhase;
			buildActionMask = 2147483647;
			files = (
			);
			inputPaths = (
			);
			name = Swiftlint;
			outputPaths = (
			);
			runOnlyForDeploymentPostprocessing = 0;
			shellPath = /bin/sh;
			shellScript = "if which swiftlint >/dev/null; then\nswiftlint\nelse\necho \"warning: SwiftLint not installed, download from https://github.com/realm/SwiftLint\"\nfi";
		};
/* End PBXShellScriptBuildPhase section */

/* Begin PBXSourcesBuildPhase section */
		D2CCF73C1DBF46DB00EF9752 /* Sources */ = {
			isa = PBXSourcesBuildPhase;
			buildActionMask = 2147483647;
			files = (
				D27C97161E63C25D00641A1A /* TokenPlugin.swift in Sources */,
				D2FE62501DF4BE8000A1E402 /* BrowseBonjourOperation.swift in Sources */,
				D2072FD41DEDCD6D00E1BBD3 /* Printer.swift in Sources */,
				D2FF97241DF0DFC3005CA7B2 /* PrinterListViewController.swift in Sources */,
				D2A601301DF3870F006B833E /* PrinterListCollectionViewCell.swift in Sources */,
				D28EC5371E09E65F0089C027 /* FilesViewController.swift in Sources */,
				D2EF392B1E66F08700A17057 /* Coordinator.swift in Sources */,
				D28EC5351E09E6490089C027 /* DetailViewController.swift in Sources */,
				D22401611E6A39480082129A /* DetailCoordinator.swift in Sources */,
				D203DE781DDFCB8F000DEAA0 /* ContextManager.swift in Sources */,
				D27C97101E63BA1800641A1A /* DynamicProvider.swift in Sources */,
				D21F3F8D1E649EC300351761 /* PrinterListCellViewModel.swift in Sources */,
				D2FE62521DF4BEA300A1E402 /* BaseOperation.swift in Sources */,
				D2CCF7441DBF46DB00EF9752 /* AppDelegate.swift in Sources */,
				D22401631E6A3B3F0082129A /* FilesCoordinator.swift in Sources */,
				D21C10481E66D3A500D88546 /* AppCoordinator.swift in Sources */,
				D283C77E1E118788004E0EAC /* FilesCollectionViewCell.swift in Sources */,
				D2DD507F1E6A34DB0090D21A /* OverviewCoordinator.swift in Sources */,
				D27C97121E63BAE000641A1A /* OctoPrintAPI.swift in Sources */,
				D21F3F8B1E6493CA00351761 /* PrinterListViewModel.swift in Sources */,
				D28EC5391E09E6740089C027 /* SettingsViewController.swift in Sources */,
				D2B6F0051DE2151F00F9CE0A /* PrinterLoginViewController.swift in Sources */,
				D22401651E6A3B670082129A /* SettingsCoordinator.swift in Sources */,
				D289197B1E117BAF00E3BBEB /* Localizable.Generated.swift in Sources */,
				D2EF39291E66F06800A17057 /* PrinterListCoordinator.swift in Sources */,
				D2063D001E5F8352004C2908 /* PrinterLoginViewModel.swift in Sources */,
				D2D331401E67177100C9C005 /* PrinterLoginCoordinator.swift in Sources */,
			);
			runOnlyForDeploymentPostprocessing = 0;
		};
		D2CCF7501DBF46DC00EF9752 /* Sources */ = {
			isa = PBXSourcesBuildPhase;
			buildActionMask = 2147483647;
			files = (
				D2CCF7591DBF46DC00EF9752 /* OctoPhoneTests.swift in Sources */,
			);
			runOnlyForDeploymentPostprocessing = 0;
		};
		D2CCF75B1DBF46DC00EF9752 /* Sources */ = {
			isa = PBXSourcesBuildPhase;
			buildActionMask = 2147483647;
			files = (
				D2CCF7641DBF46DC00EF9752 /* OctoPhoneUITests.swift in Sources */,
			);
			runOnlyForDeploymentPostprocessing = 0;
		};
/* End PBXSourcesBuildPhase section */

/* Begin PBXTargetDependency section */
		D2CCF7561DBF46DC00EF9752 /* PBXTargetDependency */ = {
			isa = PBXTargetDependency;
			target = D2CCF73F1DBF46DB00EF9752 /* OctoPhone */;
			targetProxy = D2CCF7551DBF46DC00EF9752 /* PBXContainerItemProxy */;
		};
		D2CCF7611DBF46DC00EF9752 /* PBXTargetDependency */ = {
			isa = PBXTargetDependency;
			target = D2CCF73F1DBF46DB00EF9752 /* OctoPhone */;
			targetProxy = D2CCF7601DBF46DC00EF9752 /* PBXContainerItemProxy */;
		};
/* End PBXTargetDependency section */

/* Begin PBXVariantGroup section */
		D21B9DE81DEA1B8A005C34CD /* Localizable.strings */ = {
			isa = PBXVariantGroup;
			children = (
				D21B9DE71DEA1B8A005C34CD /* en */,
			);
			name = Localizable.strings;
			sourceTree = "<group>";
		};
		D2CCF74C1DBF46DB00EF9752 /* LaunchScreen.storyboard */ = {
			isa = PBXVariantGroup;
			children = (
				D2CCF74D1DBF46DB00EF9752 /* Base */,
			);
			name = LaunchScreen.storyboard;
			sourceTree = "<group>";
		};
/* End PBXVariantGroup section */

/* Begin XCBuildConfiguration section */
		D2CCF7661DBF46DC00EF9752 /* Debug */ = {
			isa = XCBuildConfiguration;
			buildSettings = {
				ALWAYS_SEARCH_USER_PATHS = NO;
				CLANG_ANALYZER_NONNULL = YES;
				CLANG_CXX_LANGUAGE_STANDARD = "gnu++0x";
				CLANG_CXX_LIBRARY = "libc++";
				CLANG_ENABLE_MODULES = YES;
				CLANG_ENABLE_OBJC_ARC = YES;
				CLANG_WARN_BOOL_CONVERSION = YES;
				CLANG_WARN_CONSTANT_CONVERSION = YES;
				CLANG_WARN_DIRECT_OBJC_ISA_USAGE = YES_ERROR;
				CLANG_WARN_DOCUMENTATION_COMMENTS = YES;
				CLANG_WARN_EMPTY_BODY = YES;
				CLANG_WARN_ENUM_CONVERSION = YES;
				CLANG_WARN_INFINITE_RECURSION = YES;
				CLANG_WARN_INT_CONVERSION = YES;
				CLANG_WARN_OBJC_ROOT_CLASS = YES_ERROR;
				CLANG_WARN_SUSPICIOUS_MOVE = YES;
				CLANG_WARN_SUSPICIOUS_MOVES = YES;
				CLANG_WARN_UNREACHABLE_CODE = YES;
				CLANG_WARN__DUPLICATE_METHOD_MATCH = YES;
				"CODE_SIGN_IDENTITY[sdk=iphoneos*]" = "iPhone Developer";
				COPY_PHASE_STRIP = NO;
				DEBUG_INFORMATION_FORMAT = dwarf;
				ENABLE_STRICT_OBJC_MSGSEND = YES;
				ENABLE_TESTABILITY = YES;
				GCC_C_LANGUAGE_STANDARD = gnu99;
				GCC_DYNAMIC_NO_PIC = NO;
				GCC_NO_COMMON_BLOCKS = YES;
				GCC_OPTIMIZATION_LEVEL = 0;
				GCC_PREPROCESSOR_DEFINITIONS = (
					"DEBUG=1",
					"$(inherited)",
				);
				GCC_WARN_64_TO_32_BIT_CONVERSION = YES;
				GCC_WARN_ABOUT_RETURN_TYPE = YES_ERROR;
				GCC_WARN_UNDECLARED_SELECTOR = YES;
				GCC_WARN_UNINITIALIZED_AUTOS = YES_AGGRESSIVE;
				GCC_WARN_UNUSED_FUNCTION = YES;
				GCC_WARN_UNUSED_VARIABLE = YES;
				IPHONEOS_DEPLOYMENT_TARGET = 10.0;
				MTL_ENABLE_DEBUG_INFO = YES;
				ONLY_ACTIVE_ARCH = YES;
				SDKROOT = iphoneos;
				SWIFT_ACTIVE_COMPILATION_CONDITIONS = DEBUG;
				SWIFT_OPTIMIZATION_LEVEL = "-Onone";
				TARGETED_DEVICE_FAMILY = "1,2";
			};
			name = Debug;
		};
		D2CCF7671DBF46DC00EF9752 /* Release */ = {
			isa = XCBuildConfiguration;
			buildSettings = {
				ALWAYS_SEARCH_USER_PATHS = NO;
				CLANG_ANALYZER_NONNULL = YES;
				CLANG_CXX_LANGUAGE_STANDARD = "gnu++0x";
				CLANG_CXX_LIBRARY = "libc++";
				CLANG_ENABLE_MODULES = YES;
				CLANG_ENABLE_OBJC_ARC = YES;
				CLANG_WARN_BOOL_CONVERSION = YES;
				CLANG_WARN_CONSTANT_CONVERSION = YES;
				CLANG_WARN_DIRECT_OBJC_ISA_USAGE = YES_ERROR;
				CLANG_WARN_DOCUMENTATION_COMMENTS = YES;
				CLANG_WARN_EMPTY_BODY = YES;
				CLANG_WARN_ENUM_CONVERSION = YES;
				CLANG_WARN_INFINITE_RECURSION = YES;
				CLANG_WARN_INT_CONVERSION = YES;
				CLANG_WARN_OBJC_ROOT_CLASS = YES_ERROR;
				CLANG_WARN_SUSPICIOUS_MOVE = YES;
				CLANG_WARN_SUSPICIOUS_MOVES = YES;
				CLANG_WARN_UNREACHABLE_CODE = YES;
				CLANG_WARN__DUPLICATE_METHOD_MATCH = YES;
				"CODE_SIGN_IDENTITY[sdk=iphoneos*]" = "iPhone Developer";
				COPY_PHASE_STRIP = NO;
				DEBUG_INFORMATION_FORMAT = "dwarf-with-dsym";
				ENABLE_NS_ASSERTIONS = NO;
				ENABLE_STRICT_OBJC_MSGSEND = YES;
				GCC_C_LANGUAGE_STANDARD = gnu99;
				GCC_NO_COMMON_BLOCKS = YES;
				GCC_WARN_64_TO_32_BIT_CONVERSION = YES;
				GCC_WARN_ABOUT_RETURN_TYPE = YES_ERROR;
				GCC_WARN_UNDECLARED_SELECTOR = YES;
				GCC_WARN_UNINITIALIZED_AUTOS = YES_AGGRESSIVE;
				GCC_WARN_UNUSED_FUNCTION = YES;
				GCC_WARN_UNUSED_VARIABLE = YES;
				IPHONEOS_DEPLOYMENT_TARGET = 10.0;
				MTL_ENABLE_DEBUG_INFO = NO;
				SDKROOT = iphoneos;
				SWIFT_OPTIMIZATION_LEVEL = "-Owholemodule";
				TARGETED_DEVICE_FAMILY = "1,2";
				VALIDATE_PRODUCT = YES;
			};
			name = Release;
		};
		D2CCF7691DBF46DC00EF9752 /* Debug */ = {
			isa = XCBuildConfiguration;
			buildSettings = {
				ASSETCATALOG_COMPILER_APPICON_NAME = AppIcon;
				"CODE_SIGN_IDENTITY[sdk=iphoneos*]" = "iPhone Distribution";
				CURRENT_PROJECT_VERSION = 1;
				DEVELOPMENT_TEAM = CDMJRT8WJB;
				FRAMEWORK_SEARCH_PATHS = (
					"$(inherited)",
					"$(PROJECT_DIR)",
					"$(PROJECT_DIR)/Carthage/Build/iOS",
				);
				INFOPLIST_FILE = OctoPhone/Info.plist;
				LD_RUNPATH_SEARCH_PATHS = "$(inherited) @executable_path/Frameworks";
				PRODUCT_BUNDLE_IDENTIFIER = cz.ajty.OctoPhone;
				PRODUCT_NAME = "$(TARGET_NAME)";
				PROVISIONING_PROFILE = "7f4d93ae-95be-4421-9b36-eb44919fd4f3";
				PROVISIONING_PROFILE_SPECIFIER = "match AppStore cz.ajty.OctoPhone";
				SWIFT_VERSION = 3.0;
				VERSIONING_SYSTEM = "apple-generic";
			};
			name = Debug;
		};
		D2CCF76A1DBF46DC00EF9752 /* Release */ = {
			isa = XCBuildConfiguration;
			buildSettings = {
				ASSETCATALOG_COMPILER_APPICON_NAME = AppIcon;
				"CODE_SIGN_IDENTITY[sdk=iphoneos*]" = "iPhone Distribution";
				CURRENT_PROJECT_VERSION = 1;
				DEVELOPMENT_TEAM = CDMJRT8WJB;
				FRAMEWORK_SEARCH_PATHS = (
					"$(inherited)",
					"$(PROJECT_DIR)",
					"$(PROJECT_DIR)/Carthage/Build/iOS",
				);
				INFOPLIST_FILE = OctoPhone/Info.plist;
				LD_RUNPATH_SEARCH_PATHS = "$(inherited) @executable_path/Frameworks";
				PRODUCT_BUNDLE_IDENTIFIER = cz.ajty.OctoPhone;
				PRODUCT_NAME = "$(TARGET_NAME)";
				PROVISIONING_PROFILE = "07cd2e85-ff21-449a-b79b-02eca56798f6";
				PROVISIONING_PROFILE_SPECIFIER = "match AppStore cz.ajty.OctoPhone";
				SWIFT_VERSION = 3.0;
				VERSIONING_SYSTEM = "apple-generic";
			};
			name = Release;
		};
		D2CCF76C1DBF46DC00EF9752 /* Debug */ = {
			isa = XCBuildConfiguration;
			buildSettings = {
				ALWAYS_EMBED_SWIFT_STANDARD_LIBRARIES = YES;
				BUNDLE_LOADER = "$(TEST_HOST)";
				DEVELOPMENT_TEAM = 69T295ARCG;
				INFOPLIST_FILE = OctoPhoneTests/Info.plist;
				LD_RUNPATH_SEARCH_PATHS = "$(inherited) @executable_path/Frameworks @loader_path/Frameworks";
				PRODUCT_BUNDLE_IDENTIFIER = cz.badluckjosev.OctoPhoneTests;
				PRODUCT_NAME = "$(TARGET_NAME)";
				SWIFT_VERSION = 3.0;
				TEST_HOST = "$(BUILT_PRODUCTS_DIR)/OctoPhone.app/OctoPhone";
			};
			name = Debug;
		};
		D2CCF76D1DBF46DC00EF9752 /* Release */ = {
			isa = XCBuildConfiguration;
			buildSettings = {
				ALWAYS_EMBED_SWIFT_STANDARD_LIBRARIES = YES;
				BUNDLE_LOADER = "$(TEST_HOST)";
				DEVELOPMENT_TEAM = 69T295ARCG;
				INFOPLIST_FILE = OctoPhoneTests/Info.plist;
				LD_RUNPATH_SEARCH_PATHS = "$(inherited) @executable_path/Frameworks @loader_path/Frameworks";
				PRODUCT_BUNDLE_IDENTIFIER = cz.badluckjosev.OctoPhoneTests;
				PRODUCT_NAME = "$(TARGET_NAME)";
				SWIFT_VERSION = 3.0;
				TEST_HOST = "$(BUILT_PRODUCTS_DIR)/OctoPhone.app/OctoPhone";
			};
			name = Release;
		};
		D2CCF76F1DBF46DC00EF9752 /* Debug */ = {
			isa = XCBuildConfiguration;
			buildSettings = {
				ALWAYS_EMBED_SWIFT_STANDARD_LIBRARIES = YES;
				DEVELOPMENT_TEAM = 69T295ARCG;
				INFOPLIST_FILE = OctoPhoneUITests/Info.plist;
				LD_RUNPATH_SEARCH_PATHS = "$(inherited) @executable_path/Frameworks @loader_path/Frameworks";
				PRODUCT_BUNDLE_IDENTIFIER = cz.badluckjosev.OctoPhoneUITests;
				PRODUCT_NAME = "$(TARGET_NAME)";
				SWIFT_VERSION = 3.0;
				TEST_TARGET_NAME = OctoPhone;
			};
			name = Debug;
		};
		D2CCF7701DBF46DC00EF9752 /* Release */ = {
			isa = XCBuildConfiguration;
			buildSettings = {
				ALWAYS_EMBED_SWIFT_STANDARD_LIBRARIES = YES;
				DEVELOPMENT_TEAM = 69T295ARCG;
				INFOPLIST_FILE = OctoPhoneUITests/Info.plist;
				LD_RUNPATH_SEARCH_PATHS = "$(inherited) @executable_path/Frameworks @loader_path/Frameworks";
				PRODUCT_BUNDLE_IDENTIFIER = cz.badluckjosev.OctoPhoneUITests;
				PRODUCT_NAME = "$(TARGET_NAME)";
				SWIFT_VERSION = 3.0;
				TEST_TARGET_NAME = OctoPhone;
			};
			name = Release;
		};
/* End XCBuildConfiguration section */

/* Begin XCConfigurationList section */
		D2CCF73B1DBF46DB00EF9752 /* Build configuration list for PBXProject "OctoPhone" */ = {
			isa = XCConfigurationList;
			buildConfigurations = (
				D2CCF7661DBF46DC00EF9752 /* Debug */,
				D2CCF7671DBF46DC00EF9752 /* Release */,
			);
			defaultConfigurationIsVisible = 0;
			defaultConfigurationName = Release;
		};
		D2CCF7681DBF46DC00EF9752 /* Build configuration list for PBXNativeTarget "OctoPhone" */ = {
			isa = XCConfigurationList;
			buildConfigurations = (
				D2CCF7691DBF46DC00EF9752 /* Debug */,
				D2CCF76A1DBF46DC00EF9752 /* Release */,
			);
			defaultConfigurationIsVisible = 0;
			defaultConfigurationName = Release;
		};
		D2CCF76B1DBF46DC00EF9752 /* Build configuration list for PBXNativeTarget "OctoPhoneTests" */ = {
			isa = XCConfigurationList;
			buildConfigurations = (
				D2CCF76C1DBF46DC00EF9752 /* Debug */,
				D2CCF76D1DBF46DC00EF9752 /* Release */,
			);
			defaultConfigurationIsVisible = 0;
			defaultConfigurationName = Release;
		};
		D2CCF76E1DBF46DC00EF9752 /* Build configuration list for PBXNativeTarget "OctoPhoneUITests" */ = {
			isa = XCConfigurationList;
			buildConfigurations = (
				D2CCF76F1DBF46DC00EF9752 /* Debug */,
				D2CCF7701DBF46DC00EF9752 /* Release */,
			);
			defaultConfigurationIsVisible = 0;
			defaultConfigurationName = Release;
		};
/* End XCConfigurationList section */
	};
	rootObject = D2CCF7381DBF46DB00EF9752 /* Project object */;
}
