// !$*UTF8*$!
{
	archiveVersion = 1;
	classes = {
	};
	objectVersion = 46;
	objects = {

/* Begin PBXBuildFile section */
		D2CCF7441DBF46DB00EF9752 /* AppDelegate.swift in Sources */ = {isa = PBXBuildFile; fileRef = D2CCF7431DBF46DB00EF9752 /* AppDelegate.swift */; };
		D2CCF7461DBF46DB00EF9752 /* ViewController.swift in Sources */ = {isa = PBXBuildFile; fileRef = D2CCF7451DBF46DB00EF9752 /* ViewController.swift */; };
		D2CCF7491DBF46DB00EF9752 /* Main.storyboard in Resources */ = {isa = PBXBuildFile; fileRef = D2CCF7471DBF46DB00EF9752 /* Main.storyboard */; };
		D2CCF74B1DBF46DB00EF9752 /* Assets.xcassets in Resources */ = {isa = PBXBuildFile; fileRef = D2CCF74A1DBF46DB00EF9752 /* Assets.xcassets */; };
		D2CCF74E1DBF46DB00EF9752 /* LaunchScreen.storyboard in Resources */ = {isa = PBXBuildFile; fileRef = D2CCF74C1DBF46DB00EF9752 /* LaunchScreen.storyboard */; };
		D2CCF7591DBF46DC00EF9752 /* OctoPhoneTests.swift in Sources */ = {isa = PBXBuildFile; fileRef = D2CCF7581DBF46DC00EF9752 /* OctoPhoneTests.swift */; };
		D2CCF7641DBF46DC00EF9752 /* OctoPhoneUITests.swift in Sources */ = {isa = PBXBuildFile; fileRef = D2CCF7631DBF46DC00EF9752 /* OctoPhoneUITests.swift */; };
/* End PBXBuildFile section */

/* Begin PBXContainerItemProxy section */
		D2CCF7551DBF46DC00EF9752 /* PBXContainerItemProxy */ = {
			isa = PBXContainerItemProxy;
			containerPortal = D2CCF7381DBF46DB00EF9752 /* Project object */;
			proxyType = 1;
			remoteGlobalIDString = D2CCF73F1DBF46DB00EF9752;
			remoteInfo = OctoPhone;
		};
		D2CCF7601DBF46DC00EF9752 /* PBXContainerItemProxy */ = {
			isa = PBXContainerItemProxy;
			containerPortal = D2CCF7381DBF46DB00EF9752 /* Project object */;
			proxyType = 1;
			remoteGlobalIDString = D2CCF73F1DBF46DB00EF9752;
			remoteInfo = OctoPhone;
		};
/* End PBXContainerItemProxy section */

/* Begin PBXFileReference section */
		D2CCF7401DBF46DB00EF9752 /* OctoPhone.app */ = {isa = PBXFileReference; explicitFileType = wrapper.application; includeInIndex = 0; path = OctoPhone.app; sourceTree = BUILT_PRODUCTS_DIR; };
		D2CCF7431DBF46DB00EF9752 /* AppDelegate.swift */ = {isa = PBXFileReference; lastKnownFileType = sourcecode.swift; path = AppDelegate.swift; sourceTree = "<group>"; };
		D2CCF7451DBF46DB00EF9752 /* ViewController.swift */ = {isa = PBXFileReference; lastKnownFileType = sourcecode.swift; path = ViewController.swift; sourceTree = "<group>"; };
		D2CCF7481DBF46DB00EF9752 /* Base */ = {isa = PBXFileReference; lastKnownFileType = file.storyboard; name = Base; path = Base.lproj/Main.storyboard; sourceTree = "<group>"; };
		D2CCF74A1DBF46DB00EF9752 /* Assets.xcassets */ = {isa = PBXFileReference; lastKnownFileType = folder.assetcatalog; path = Assets.xcassets; sourceTree = "<group>"; };
		D2CCF74D1DBF46DB00EF9752 /* Base */ = {isa = PBXFileReference; lastKnownFileType = file.storyboard; name = Base; path = Base.lproj/LaunchScreen.storyboard; sourceTree = "<group>"; };
		D2CCF74F1DBF46DB00EF9752 /* Info.plist */ = {isa = PBXFileReference; lastKnownFileType = text.plist.xml; path = Info.plist; sourceTree = "<group>"; };
		D2CCF7541DBF46DC00EF9752 /* OctoPhoneTests.xctest */ = {isa = PBXFileReference; explicitFileType = wrapper.cfbundle; includeInIndex = 0; path = OctoPhoneTests.xctest; sourceTree = BUILT_PRODUCTS_DIR; };
		D2CCF7581DBF46DC00EF9752 /* OctoPhoneTests.swift */ = {isa = PBXFileReference; lastKnownFileType = sourcecode.swift; path = OctoPhoneTests.swift; sourceTree = "<group>"; };
		D2CCF75A1DBF46DC00EF9752 /* Info.plist */ = {isa = PBXFileReference; lastKnownFileType = text.plist.xml; path = Info.plist; sourceTree = "<group>"; };
		D2CCF75F1DBF46DC00EF9752 /* OctoPhoneUITests.xctest */ = {isa = PBXFileReference; explicitFileType = wrapper.cfbundle; includeInIndex = 0; path = OctoPhoneUITests.xctest; sourceTree = BUILT_PRODUCTS_DIR; };
		D2CCF7631DBF46DC00EF9752 /* OctoPhoneUITests.swift */ = {isa = PBXFileReference; lastKnownFileType = sourcecode.swift; path = OctoPhoneUITests.swift; sourceTree = "<group>"; };
		D2CCF7651DBF46DC00EF9752 /* Info.plist */ = {isa = PBXFileReference; lastKnownFileType = text.plist.xml; path = Info.plist; sourceTree = "<group>"; };
/* End PBXFileReference section */

/* Begin PBXFrameworksBuildPhase section */
		D2CCF73D1DBF46DB00EF9752 /* Frameworks */ = {
			isa = PBXFrameworksBuildPhase;
			buildActionMask = 2147483647;
			files = (
			);
			runOnlyForDeploymentPostprocessing = 0;
		};
		D2CCF7511DBF46DC00EF9752 /* Frameworks */ = {
			isa = PBXFrameworksBuildPhase;
			buildActionMask = 2147483647;
			files = (
			);
			runOnlyForDeploymentPostprocessing = 0;
		};
		D2CCF75C1DBF46DC00EF9752 /* Frameworks */ = {
			isa = PBXFrameworksBuildPhase;
			buildActionMask = 2147483647;
			files = (
			);
			runOnlyForDeploymentPostprocessing = 0;
		};
/* End PBXFrameworksBuildPhase section */

/* Begin PBXGroup section */
		D2CCF7371DBF46DB00EF9752 = {
			isa = PBXGroup;
			children = (
				D2CCF7421DBF46DB00EF9752 /* OctoPhone */,
				D2CCF7571DBF46DC00EF9752 /* OctoPhoneTests */,
				D2CCF7621DBF46DC00EF9752 /* OctoPhoneUITests */,
				D2CCF7411DBF46DB00EF9752 /* Products */,
			);
			sourceTree = "<group>";
		};
		D2CCF7411DBF46DB00EF9752 /* Products */ = {
			isa = PBXGroup;
			children = (
				D2CCF7401DBF46DB00EF9752 /* OctoPhone.app */,
				D2CCF7541DBF46DC00EF9752 /* OctoPhoneTests.xctest */,
				D2CCF75F1DBF46DC00EF9752 /* OctoPhoneUITests.xctest */,
			);
			name = Products;
			sourceTree = "<group>";
		};
		D2CCF7421DBF46DB00EF9752 /* OctoPhone */ = {
			isa = PBXGroup;
			children = (
				D2CCF7431DBF46DB00EF9752 /* AppDelegate.swift */,
				D2CCF7451DBF46DB00EF9752 /* ViewController.swift */,
				D2CCF7471DBF46DB00EF9752 /* Main.storyboard */,
				D2CCF74A1DBF46DB00EF9752 /* Assets.xcassets */,
				D2CCF74C1DBF46DB00EF9752 /* LaunchScreen.storyboard */,
				D2CCF74F1DBF46DB00EF9752 /* Info.plist */,
			);
			path = OctoPhone;
			sourceTree = "<group>";
		};
		D2CCF7571DBF46DC00EF9752 /* OctoPhoneTests */ = {
			isa = PBXGroup;
			children = (
				D2CCF7581DBF46DC00EF9752 /* OctoPhoneTests.swift */,
				D2CCF75A1DBF46DC00EF9752 /* Info.plist */,
			);
			path = OctoPhoneTests;
			sourceTree = "<group>";
		};
		D2CCF7621DBF46DC00EF9752 /* OctoPhoneUITests */ = {
			isa = PBXGroup;
			children = (
				D2CCF7631DBF46DC00EF9752 /* OctoPhoneUITests.swift */,
				D2CCF7651DBF46DC00EF9752 /* Info.plist */,
			);
			path = OctoPhoneUITests;
			sourceTree = "<group>";
		};
/* End PBXGroup section */

/* Begin PBXNativeTarget section */
		D2CCF73F1DBF46DB00EF9752 /* OctoPhone */ = {
			isa = PBXNativeTarget;
			buildConfigurationList = D2CCF7681DBF46DC00EF9752 /* Build configuration list for PBXNativeTarget "OctoPhone" */;
			buildPhases = (
				D2CCF73C1DBF46DB00EF9752 /* Sources */,
				D2CCF73D1DBF46DB00EF9752 /* Frameworks */,
				D2CCF73E1DBF46DB00EF9752 /* Resources */,
			);
			buildRules = (
			);
			dependencies = (
			);
			name = OctoPhone;
			productName = OctoPhone;
			productReference = D2CCF7401DBF46DB00EF9752 /* OctoPhone.app */;
			productType = "com.apple.product-type.application";
		};
		D2CCF7531DBF46DC00EF9752 /* OctoPhoneTests */ = {
			isa = PBXNativeTarget;
			buildConfigurationList = D2CCF76B1DBF46DC00EF9752 /* Build configuration list for PBXNativeTarget "OctoPhoneTests" */;
			buildPhases = (
				D2CCF7501DBF46DC00EF9752 /* Sources */,
				D2CCF7511DBF46DC00EF9752 /* Frameworks */,
				D2CCF7521DBF46DC00EF9752 /* Resources */,
			);
			buildRules = (
			);
			dependencies = (
				D2CCF7561DBF46DC00EF9752 /* PBXTargetDependency */,
			);
			name = OctoPhoneTests;
			productName = OctoPhoneTests;
			productReference = D2CCF7541DBF46DC00EF9752 /* OctoPhoneTests.xctest */;
			productType = "com.apple.product-type.bundle.unit-test";
		};
		D2CCF75E1DBF46DC00EF9752 /* OctoPhoneUITests */ = {
			isa = PBXNativeTarget;
			buildConfigurationList = D2CCF76E1DBF46DC00EF9752 /* Build configuration list for PBXNativeTarget "OctoPhoneUITests" */;
			buildPhases = (
				D2CCF75B1DBF46DC00EF9752 /* Sources */,
				D2CCF75C1DBF46DC00EF9752 /* Frameworks */,
				D2CCF75D1DBF46DC00EF9752 /* Resources */,
			);
			buildRules = (
			);
			dependencies = (
				D2CCF7611DBF46DC00EF9752 /* PBXTargetDependency */,
			);
			name = OctoPhoneUITests;
			productName = OctoPhoneUITests;
			productReference = D2CCF75F1DBF46DC00EF9752 /* OctoPhoneUITests.xctest */;
			productType = "com.apple.product-type.bundle.ui-testing";
		};
/* End PBXNativeTarget section */

/* Begin PBXProject section */
		D2CCF7381DBF46DB00EF9752 /* Project object */ = {
			isa = PBXProject;
			attributes = {
				LastSwiftUpdateCheck = 0800;
				LastUpgradeCheck = 0800;
				ORGANIZATIONNAME = "Josef Dolezal";
				TargetAttributes = {
					D2CCF73F1DBF46DB00EF9752 = {
						CreatedOnToolsVersion = 8.0;
						DevelopmentTeam = 69T295ARCG;
						ProvisioningStyle = Automatic;
					};
					D2CCF7531DBF46DC00EF9752 = {
						CreatedOnToolsVersion = 8.0;
						DevelopmentTeam = 69T295ARCG;
						ProvisioningStyle = Automatic;
						TestTargetID = D2CCF73F1DBF46DB00EF9752;
					};
					D2CCF75E1DBF46DC00EF9752 = {
						CreatedOnToolsVersion = 8.0;
						DevelopmentTeam = 69T295ARCG;
						ProvisioningStyle = Automatic;
						TestTargetID = D2CCF73F1DBF46DB00EF9752;
					};
				};
			};
			buildConfigurationList = D2CCF73B1DBF46DB00EF9752 /* Build configuration list for PBXProject "OctoPhone" */;
			compatibilityVersion = "Xcode 3.2";
			developmentRegion = English;
			hasScannedForEncodings = 0;
			knownRegions = (
				en,
				Base,
			);
			mainGroup = D2CCF7371DBF46DB00EF9752;
			productRefGroup = D2CCF7411DBF46DB00EF9752 /* Products */;
			projectDirPath = "";
			projectRoot = "";
			targets = (
				D2CCF73F1DBF46DB00EF9752 /* OctoPhone */,
				D2CCF7531DBF46DC00EF9752 /* OctoPhoneTests */,
				D2CCF75E1DBF46DC00EF9752 /* OctoPhoneUITests */,
			);
		};
/* End PBXProject section */

/* Begin PBXResourcesBuildPhase section */
		D2CCF73E1DBF46DB00EF9752 /* Resources */ = {
			isa = PBXResourcesBuildPhase;
			buildActionMask = 2147483647;
			files = (
				D2CCF74E1DBF46DB00EF9752 /* LaunchScreen.storyboard in Resources */,
				D2CCF74B1DBF46DB00EF9752 /* Assets.xcassets in Resources */,
				D2CCF7491DBF46DB00EF9752 /* Main.storyboard in Resources */,
			);
			runOnlyForDeploymentPostprocessing = 0;
		};
		D2CCF7521DBF46DC00EF9752 /* Resources */ = {
			isa = PBXResourcesBuildPhase;
			buildActionMask = 2147483647;
			files = (
			);
			runOnlyForDeploymentPostprocessing = 0;
		};
		D2CCF75D1DBF46DC00EF9752 /* Resources */ = {
			isa = PBXResourcesBuildPhase;
			buildActionMask = 2147483647;
			files = (
			);
			runOnlyForDeploymentPostprocessing = 0;
		};
/* End PBXResourcesBuildPhase section */

/* Begin PBXSourcesBuildPhase section */
		D2CCF73C1DBF46DB00EF9752 /* Sources */ = {
			isa = PBXSourcesBuildPhase;
			buildActionMask = 2147483647;
			files = (
				D2CCF7461DBF46DB00EF9752 /* ViewController.swift in Sources */,
				D2CCF7441DBF46DB00EF9752 /* AppDelegate.swift in Sources */,
			);
			runOnlyForDeploymentPostprocessing = 0;
		};
		D2CCF7501DBF46DC00EF9752 /* Sources */ = {
			isa = PBXSourcesBuildPhase;
			buildActionMask = 2147483647;
			files = (
				D2CCF7591DBF46DC00EF9752 /* OctoPhoneTests.swift in Sources */,
			);
			runOnlyForDeploymentPostprocessing = 0;
		};
		D2CCF75B1DBF46DC00EF9752 /* Sources */ = {
			isa = PBXSourcesBuildPhase;
			buildActionMask = 2147483647;
			files = (
				D2CCF7641DBF46DC00EF9752 /* OctoPhoneUITests.swift in Sources */,
			);
			runOnlyForDeploymentPostprocessing = 0;
		};
/* End PBXSourcesBuildPhase section */

/* Begin PBXTargetDependency section */
		D2CCF7561DBF46DC00EF9752 /* PBXTargetDependency */ = {
			isa = PBXTargetDependency;
			target = D2CCF73F1DBF46DB00EF9752 /* OctoPhone */;
			targetProxy = D2CCF7551DBF46DC00EF9752 /* PBXContainerItemProxy */;
		};
		D2CCF7611DBF46DC00EF9752 /* PBXTargetDependency */ = {
			isa = PBXTargetDependency;
			target = D2CCF73F1DBF46DB00EF9752 /* OctoPhone */;
			targetProxy = D2CCF7601DBF46DC00EF9752 /* PBXContainerItemProxy */;
		};
/* End PBXTargetDependency section */

/* Begin PBXVariantGroup section */
		D2CCF7471DBF46DB00EF9752 /* Main.storyboard */ = {
			isa = PBXVariantGroup;
			children = (
				D2CCF7481DBF46DB00EF9752 /* Base */,
			);
			name = Main.storyboard;
			sourceTree = "<group>";
		};
		D2CCF74C1DBF46DB00EF9752 /* LaunchScreen.storyboard */ = {
			isa = PBXVariantGroup;
			children = (
				D2CCF74D1DBF46DB00EF9752 /* Base */,
			);
			name = LaunchScreen.storyboard;
			sourceTree = "<group>";
		};
/* End PBXVariantGroup section */

/* Begin XCBuildConfiguration section */
		D2CCF7661DBF46DC00EF9752 /* Debug */ = {
			isa = XCBuildConfiguration;
			buildSettings = {
				ALWAYS_SEARCH_USER_PATHS = NO;
				CLANG_ANALYZER_NONNULL = YES;
				CLANG_CXX_LANGUAGE_STANDARD = "gnu++0x";
				CLANG_CXX_LIBRARY = "libc++";
				CLANG_ENABLE_MODULES = YES;
				CLANG_ENABLE_OBJC_ARC = YES;
				CLANG_WARN_BOOL_CONVERSION = YES;
				CLANG_WARN_CONSTANT_CONVERSION = YES;
				CLANG_WARN_DIRECT_OBJC_ISA_USAGE = YES_ERROR;
				CLANG_WARN_DOCUMENTATION_COMMENTS = YES;
				CLANG_WARN_EMPTY_BODY = YES;
				CLANG_WARN_ENUM_CONVERSION = YES;
				CLANG_WARN_INFINITE_RECURSION = YES;
				CLANG_WARN_INT_CONVERSION = YES;
				CLANG_WARN_OBJC_ROOT_CLASS = YES_ERROR;
				CLANG_WARN_SUSPICIOUS_MOVES = YES;
				CLANG_WARN_UNREACHABLE_CODE = YES;
				CLANG_WARN__DUPLICATE_METHOD_MATCH = YES;
				"CODE_SIGN_IDENTITY[sdk=iphoneos*]" = "iPhone Developer";
				COPY_PHASE_STRIP = NO;
				DEBUG_INFORMATION_FORMAT = dwarf;
				ENABLE_STRICT_OBJC_MSGSEND = YES;
				ENABLE_TESTABILITY = YES;
				GCC_C_LANGUAGE_STANDARD = gnu99;
				GCC_DYNAMIC_NO_PIC = NO;
				GCC_NO_COMMON_BLOCKS = YES;
				GCC_OPTIMIZATION_LEVEL = 0;
				GCC_PREPROCESSOR_DEFINITIONS = (
					"DEBUG=1",
					"$(inherited)",
				);
				GCC_WARN_64_TO_32_BIT_CONVERSION = YES;
				GCC_WARN_ABOUT_RETURN_TYPE = YES_ERROR;
				GCC_WARN_UNDECLARED_SELECTOR = YES;
				GCC_WARN_UNINITIALIZED_AUTOS = YES_AGGRESSIVE;
				GCC_WARN_UNUSED_FUNCTION = YES;
				GCC_WARN_UNUSED_VARIABLE = YES;
				IPHONEOS_DEPLOYMENT_TARGET = 10.0;
				MTL_ENABLE_DEBUG_INFO = YES;
				ONLY_ACTIVE_ARCH = YES;
				SDKROOT = iphoneos;
				SWIFT_ACTIVE_COMPILATION_CONDITIONS = DEBUG;
				SWIFT_OPTIMIZATION_LEVEL = "-Onone";
				TARGETED_DEVICE_FAMILY = "1,2";
			};
			name = Debug;
		};
		D2CCF7671DBF46DC00EF9752 /* Release */ = {
			isa = XCBuildConfiguration;
			buildSettings = {
				ALWAYS_SEARCH_USER_PATHS = NO;
				CLANG_ANALYZER_NONNULL = YES;
				CLANG_CXX_LANGUAGE_STANDARD = "gnu++0x";
				CLANG_CXX_LIBRARY = "libc++";
				CLANG_ENABLE_MODULES = YES;
				CLANG_ENABLE_OBJC_ARC = YES;
				CLANG_WARN_BOOL_CONVERSION = YES;
				CLANG_WARN_CONSTANT_CONVERSION = YES;
				CLANG_WARN_DIRECT_OBJC_ISA_USAGE = YES_ERROR;
				CLANG_WARN_DOCUMENTATION_COMMENTS = YES;
				CLANG_WARN_EMPTY_BODY = YES;
				CLANG_WARN_ENUM_CONVERSION = YES;
				CLANG_WARN_INFINITE_RECURSION = YES;
				CLANG_WARN_INT_CONVERSION = YES;
				CLANG_WARN_OBJC_ROOT_CLASS = YES_ERROR;
				CLANG_WARN_SUSPICIOUS_MOVES = YES;
				CLANG_WARN_UNREACHABLE_CODE = YES;
				CLANG_WARN__DUPLICATE_METHOD_MATCH = YES;
				"CODE_SIGN_IDENTITY[sdk=iphoneos*]" = "iPhone Developer";
				COPY_PHASE_STRIP = NO;
				DEBUG_INFORMATION_FORMAT = "dwarf-with-dsym";
				ENABLE_NS_ASSERTIONS = NO;
				ENABLE_STRICT_OBJC_MSGSEND = YES;
				GCC_C_LANGUAGE_STANDARD = gnu99;
				GCC_NO_COMMON_BLOCKS = YES;
				GCC_WARN_64_TO_32_BIT_CONVERSION = YES;
				GCC_WARN_ABOUT_RETURN_TYPE = YES_ERROR;
				GCC_WARN_UNDECLARED_SELECTOR = YES;
				GCC_WARN_UNINITIALIZED_AUTOS = YES_AGGRESSIVE;
				GCC_WARN_UNUSED_FUNCTION = YES;
				GCC_WARN_UNUSED_VARIABLE = YES;
				IPHONEOS_DEPLOYMENT_TARGET = 10.0;
				MTL_ENABLE_DEBUG_INFO = NO;
				SDKROOT = iphoneos;
				SWIFT_OPTIMIZATION_LEVEL = "-Owholemodule";
				TARGETED_DEVICE_FAMILY = "1,2";
				VALIDATE_PRODUCT = YES;
			};
			name = Release;
		};
		D2CCF7691DBF46DC00EF9752 /* Debug */ = {
			isa = XCBuildConfiguration;
			buildSettings = {
				ASSETCATALOG_COMPILER_APPICON_NAME = AppIcon;
				DEVELOPMENT_TEAM = 69T295ARCG;
				INFOPLIST_FILE = OctoPhone/Info.plist;
				LD_RUNPATH_SEARCH_PATHS = "$(inherited) @executable_path/Frameworks";
				PRODUCT_BUNDLE_IDENTIFIER = cz.badluckjosev.OctoPhone;
				PRODUCT_NAME = "$(TARGET_NAME)";
				SWIFT_VERSION = 3.0;
			};
			name = Debug;
		};
		D2CCF76A1DBF46DC00EF9752 /* Release */ = {
			isa = XCBuildConfiguration;
			buildSettings = {
				ASSETCATALOG_COMPILER_APPICON_NAME = AppIcon;
				DEVELOPMENT_TEAM = 69T295ARCG;
				INFOPLIST_FILE = OctoPhone/Info.plist;
				LD_RUNPATH_SEARCH_PATHS = "$(inherited) @executable_path/Frameworks";
				PRODUCT_BUNDLE_IDENTIFIER = cz.badluckjosev.OctoPhone;
				PRODUCT_NAME = "$(TARGET_NAME)";
				SWIFT_VERSION = 3.0;
			};
			name = Release;
		};
		D2CCF76C1DBF46DC00EF9752 /* Debug */ = {
			isa = XCBuildConfiguration;
			buildSettings = {
				ALWAYS_EMBED_SWIFT_STANDARD_LIBRARIES = YES;
				BUNDLE_LOADER = "$(TEST_HOST)";
				DEVELOPMENT_TEAM = 69T295ARCG;
				INFOPLIST_FILE = OctoPhoneTests/Info.plist;
				LD_RUNPATH_SEARCH_PATHS = "$(inherited) @executable_path/Frameworks @loader_path/Frameworks";
				PRODUCT_BUNDLE_IDENTIFIER = cz.badluckjosev.OctoPhoneTests;
				PRODUCT_NAME = "$(TARGET_NAME)";
				SWIFT_VERSION = 3.0;
				TEST_HOST = "$(BUILT_PRODUCTS_DIR)/OctoPhone.app/OctoPhone";
			};
			name = Debug;
		};
		D2CCF76D1DBF46DC00EF9752 /* Release */ = {
			isa = XCBuildConfiguration;
			buildSettings = {
				ALWAYS_EMBED_SWIFT_STANDARD_LIBRARIES = YES;
				BUNDLE_LOADER = "$(TEST_HOST)";
				DEVELOPMENT_TEAM = 69T295ARCG;
				INFOPLIST_FILE = OctoPhoneTests/Info.plist;
				LD_RUNPATH_SEARCH_PATHS = "$(inherited) @executable_path/Frameworks @loader_path/Frameworks";
				PRODUCT_BUNDLE_IDENTIFIER = cz.badluckjosev.OctoPhoneTests;
				PRODUCT_NAME = "$(TARGET_NAME)";
				SWIFT_VERSION = 3.0;
				TEST_HOST = "$(BUILT_PRODUCTS_DIR)/OctoPhone.app/OctoPhone";
			};
			name = Release;
		};
		D2CCF76F1DBF46DC00EF9752 /* Debug */ = {
			isa = XCBuildConfiguration;
			buildSettings = {
				ALWAYS_EMBED_SWIFT_STANDARD_LIBRARIES = YES;
				DEVELOPMENT_TEAM = 69T295ARCG;
				INFOPLIST_FILE = OctoPhoneUITests/Info.plist;
				LD_RUNPATH_SEARCH_PATHS = "$(inherited) @executable_path/Frameworks @loader_path/Frameworks";
				PRODUCT_BUNDLE_IDENTIFIER = cz.badluckjosev.OctoPhoneUITests;
				PRODUCT_NAME = "$(TARGET_NAME)";
				SWIFT_VERSION = 3.0;
				TEST_TARGET_NAME = OctoPhone;
			};
			name = Debug;
		};
		D2CCF7701DBF46DC00EF9752 /* Release */ = {
			isa = XCBuildConfiguration;
			buildSettings = {
				ALWAYS_EMBED_SWIFT_STANDARD_LIBRARIES = YES;
				DEVELOPMENT_TEAM = 69T295ARCG;
				INFOPLIST_FILE = OctoPhoneUITests/Info.plist;
				LD_RUNPATH_SEARCH_PATHS = "$(inherited) @executable_path/Frameworks @loader_path/Frameworks";
				PRODUCT_BUNDLE_IDENTIFIER = cz.badluckjosev.OctoPhoneUITests;
				PRODUCT_NAME = "$(TARGET_NAME)";
				SWIFT_VERSION = 3.0;
				TEST_TARGET_NAME = OctoPhone;
			};
			name = Release;
		};
/* End XCBuildConfiguration section */

/* Begin XCConfigurationList section */
		D2CCF73B1DBF46DB00EF9752 /* Build configuration list for PBXProject "OctoPhone" */ = {
			isa = XCConfigurationList;
			buildConfigurations = (
				D2CCF7661DBF46DC00EF9752 /* Debug */,
				D2CCF7671DBF46DC00EF9752 /* Release */,
			);
			defaultConfigurationIsVisible = 0;
			defaultConfigurationName = Release;
		};
		D2CCF7681DBF46DC00EF9752 /* Build configuration list for PBXNativeTarget "OctoPhone" */ = {
			isa = XCConfigurationList;
			buildConfigurations = (
				D2CCF7691DBF46DC00EF9752 /* Debug */,
				D2CCF76A1DBF46DC00EF9752 /* Release */,
			);
			defaultConfigurationIsVisible = 0;
		};
		D2CCF76B1DBF46DC00EF9752 /* Build configuration list for PBXNativeTarget "OctoPhoneTests" */ = {
			isa = XCConfigurationList;
			buildConfigurations = (
				D2CCF76C1DBF46DC00EF9752 /* Debug */,
				D2CCF76D1DBF46DC00EF9752 /* Release */,
			);
			defaultConfigurationIsVisible = 0;
		};
		D2CCF76E1DBF46DC00EF9752 /* Build configuration list for PBXNativeTarget "OctoPhoneUITests" */ = {
			isa = XCConfigurationList;
			buildConfigurations = (
				D2CCF76F1DBF46DC00EF9752 /* Debug */,
				D2CCF7701DBF46DC00EF9752 /* Release */,
			);
			defaultConfigurationIsVisible = 0;
		};
/* End XCConfigurationList section */
	};
	rootObject = D2CCF7381DBF46DB00EF9752 /* Project object */;
}
